
Microsoft Visual Studio Solution File, Format Version 12.00
# Visual Studio Version 16
VisualStudioVersion = 16.0.31112.23
MinimumVisualStudioVersion = 10.0.40219.1
Project("{FAE04EC0-301F-11D3-BF4B-00C04F79EFBC}") = "Anotaciones", "Anotaciones\Anotaciones.csproj", "{DE07774F-F84B-4F96-9626-93BC56FD8411}"
EndProject
Global
	GlobalSection(SolutionConfigurationPlatforms) = preSolution
		Debug|Any CPU = Debug|Any CPU
		Release|Any CPU = Release|Any CPU
	EndGlobalSection
	GlobalSection(ProjectConfigurationPlatforms) = postSolution
		{DE07774F-F84B-4F96-9626-93BC56FD8411}.Debug|Any CPU.ActiveCfg = Debug|Any CPU
		{DE07774F-F84B-4F96-9626-93BC56FD8411}.Debug|Any CPU.Build.0 = Debug|Any CPU
		{DE07774F-F84B-4F96-9626-93BC56FD8411}.Release|Any CPU.ActiveCfg = Release|Any CPU
		{DE07774F-F84B-4F96-9626-93BC56FD8411}.Release|Any CPU.Build.0 = Release|Any CPU
	EndGlobalSection
	GlobalSection(SolutionProperties) = preSolution
		HideSolutionNode = FALSE
	EndGlobalSection
	GlobalSection(ExtensibilityGlobals) = postSolution
		SolutionGuid = {80EE14BB-F7D1-48C3-8216-F8451B7A1F76}
	EndGlobalSection
EndGlobal
